id: m17_m17_coder
label: M17 Encoder
category: '[M17]'

parameters:
- id: src_id
  label: Source callsign
  dtype: string
  default: 'N0CALL'
- id: dst_id
  label: Destination callsign
  dtype: string
  default: 'ALL'
- id: mode
  label: Mode
  dtype: int
  default: 1
  options: [1, 0]
  option_labels: ['Stream', 'Packet']
- id: type
  label: Type
  dtype: int
  default: 2
  options: [0, 1, 2, 3]
  option_labels: ['Reserved', 'Data', 'Voice', 'Voice+Data']
- id: encr_type
  label: Encr. type
  dtype: int
  default: 0
  options: [0, 1, 2, 3]
  option_labels: ['None', 'Scrambler', 'AES', 'Other/Reserved']
- id: encr_subtype
  label: Encr. subtype
  dtype: int
  default: 0
  options: [0, 1, 2, 3]
  option_labels: ['Text', 'Geolocation', 'Extended callsign data', 'Reserved']
- id: can
  label: CAN
  dtype: int
  default: 0
- id: meta
  label: Meta
  dtype: string
  default: ''
- id: debug
  label: Debug
  dtype: bool
  default: 'False'
  options: ['True', 'False']

asserts:
    - ${ can <= 15 }
    - ${ len(dst_id) < 10 }
    - ${ len(src_id) < 10 }
templates:
  imports: from gnuradio import m17
  make: m17.m17_coder(${src_id},${dst_id},${type},${meta},${debug})
  callbacks:
    - set_meta(${meta})
    - set_src_id(${src_id})
    - set_dst_id(${dst_id})
    - set_type(${type})
    - set_debug(${debug})

#  Make one 'inputs' list entry per input and one 'outputs' list entry per output.
#  Keys include:
#      * label (an identifier for the GUI)
#      * domain (optional - stream or message. Default is stream)
#      * dtype (e.g. int, float, complex, byte, short, xxx_vector, ...)
#      * vlen (optional - data stream vector length. Default is 1)
#      * optional (optional - set to 1 for optional inputs. Default is 0)
inputs:
- label: in
  domain: stream
  dtype: byte
  vlen: 1
  optional: 0

outputs:
- label: out
  domain: stream
  dtype: float
  vlen: 1
  optional: 0

documentation: |-
     The m17-coder block reads a byte datastream clocked at 200 bits/s and outputs a real stream at 24 times this input rate (4800 Hz). The source and destination fields are 9-character callsign strings, the type field is a 0-65535 value and the meta field a free string which can be updated during transmission.

#  'file_format' specifies the version of the GRC yml format used in the file
#  and should usually not be changed.
file_format: 1

